
Microsoft Visual Studio Solution File, Format Version 12.00
# Visual Studio Version 17
VisualStudioVersion = 17.7.34202.233
MinimumVisualStudioVersion = 10.0.40219.1
Project("{FAE04EC0-301F-11D3-BF4B-00C04F79EFBC}") = "SistemaViajes", "SistemaViajes\SistemaViajes.csproj", "{9948A785-1F51-4F4D-8B2B-2D48DB660185}"
EndProject
Global
	GlobalSection(SolutionConfigurationPlatforms) = preSolution
		Debug|Any CPU = Debug|Any CPU
		Release|Any CPU = Release|Any CPU
	EndGlobalSection
	GlobalSection(ProjectConfigurationPlatforms) = postSolution
		{9948A785-1F51-4F4D-8B2B-2D48DB660185}.Debug|Any CPU.ActiveCfg = Debug|Any CPU
		{9948A785-1F51-4F4D-8B2B-2D48DB660185}.Debug|Any CPU.Build.0 = Debug|Any CPU
		{9948A785-1F51-4F4D-8B2B-2D48DB660185}.Release|Any CPU.ActiveCfg = Release|Any CPU
		{9948A785-1F51-4F4D-8B2B-2D48DB660185}.Release|Any CPU.Build.0 = Release|Any CPU
	EndGlobalSection
	GlobalSection(SolutionProperties) = preSolution
		HideSolutionNode = FALSE
	EndGlobalSection
	GlobalSection(ExtensibilityGlobals) = postSolution
		SolutionGuid = {2E6EAA2F-7CDC-45BB-83FC-5898DCD84CA5}
	EndGlobalSection
EndGlobal
